
Microsoft Visual Studio Solution File, Format Version 12.00
# Visual Studio Version 17
VisualStudioVersion = 17.3.32922.545
MinimumVisualStudioVersion = 10.0.40219.1
Project("{FAE04EC0-301F-11D3-BF4B-00C04F79EFBC}") = "Tema1_Ejercicio17.Android", "Tema1_Ejercicio17.Android\Tema1_Ejercicio17.Android.csproj", "{678E4477-DDE7-47B9-960B-9C62D56DBEE9}"
EndProject
Project("{FAE04EC0-301F-11D3-BF4B-00C04F79EFBC}") = "Tema1_Ejercicio17", "Tema1_Ejercicio17\Tema1_Ejercicio17.csproj", "{34C7B9DD-5BC0-45F2-BBD2-EFCF15746179}"
EndProject
Global
	GlobalSection(SolutionConfigurationPlatforms) = preSolution
		Debug|Any CPU = Debug|Any CPU
		Release|Any CPU = Release|Any CPU
	EndGlobalSection
	GlobalSection(ProjectConfigurationPlatforms) = postSolution
		{678E4477-DDE7-47B9-960B-9C62D56DBEE9}.Debug|Any CPU.ActiveCfg = Debug|Any CPU
		{678E4477-DDE7-47B9-960B-9C62D56DBEE9}.Debug|Any CPU.Build.0 = Debug|Any CPU
		{678E4477-DDE7-47B9-960B-9C62D56DBEE9}.Debug|Any CPU.Deploy.0 = Debug|Any CPU
		{678E4477-DDE7-47B9-960B-9C62D56DBEE9}.Release|Any CPU.ActiveCfg = Release|Any CPU
		{678E4477-DDE7-47B9-960B-9C62D56DBEE9}.Release|Any CPU.Build.0 = Release|Any CPU
		{678E4477-DDE7-47B9-960B-9C62D56DBEE9}.Release|Any CPU.Deploy.0 = Release|Any CPU
		{34C7B9DD-5BC0-45F2-BBD2-EFCF15746179}.Debug|Any CPU.ActiveCfg = Debug|Any CPU
		{34C7B9DD-5BC0-45F2-BBD2-EFCF15746179}.Debug|Any CPU.Build.0 = Debug|Any CPU
		{34C7B9DD-5BC0-45F2-BBD2-EFCF15746179}.Debug|Any CPU.Deploy.0 = Debug|Any CPU
		{34C7B9DD-5BC0-45F2-BBD2-EFCF15746179}.Release|Any CPU.ActiveCfg = Release|Any CPU
		{34C7B9DD-5BC0-45F2-BBD2-EFCF15746179}.Release|Any CPU.Build.0 = Release|Any CPU
		{34C7B9DD-5BC0-45F2-BBD2-EFCF15746179}.Release|Any CPU.Deploy.0 = Release|Any CPU
	EndGlobalSection
	GlobalSection(SolutionProperties) = preSolution
		HideSolutionNode = FALSE
	EndGlobalSection
	GlobalSection(ExtensibilityGlobals) = postSolution
		SolutionGuid = {386DCC10-69A2-40B6-9B83-4DE782D35E25}
	EndGlobalSection
EndGlobal
