
Microsoft Visual Studio Solution File, Format Version 12.00
# Visual Studio Version 17
VisualStudioVersion = 17.3.32922.545
MinimumVisualStudioVersion = 10.0.40219.1
Project("{FAE04EC0-301F-11D3-BF4B-00C04F79EFBC}") = "Practica2.Android", "Practica2.Android\Practica2.Android.csproj", "{7AAECE5A-7802-4907-AD75-43AC695A762E}"
EndProject
Project("{FAE04EC0-301F-11D3-BF4B-00C04F79EFBC}") = "Practica2", "Practica2\Practica2.csproj", "{AA3A3270-5615-4D8F-AEC3-C105C3FF5E88}"
EndProject
Global
	GlobalSection(SolutionConfigurationPlatforms) = preSolution
		Debug|Any CPU = Debug|Any CPU
		Release|Any CPU = Release|Any CPU
	EndGlobalSection
	GlobalSection(ProjectConfigurationPlatforms) = postSolution
		{7AAECE5A-7802-4907-AD75-43AC695A762E}.Debug|Any CPU.ActiveCfg = Debug|Any CPU
		{7AAECE5A-7802-4907-AD75-43AC695A762E}.Debug|Any CPU.Build.0 = Debug|Any CPU
		{7AAECE5A-7802-4907-AD75-43AC695A762E}.Debug|Any CPU.Deploy.0 = Debug|Any CPU
		{7AAECE5A-7802-4907-AD75-43AC695A762E}.Release|Any CPU.ActiveCfg = Release|Any CPU
		{7AAECE5A-7802-4907-AD75-43AC695A762E}.Release|Any CPU.Build.0 = Release|Any CPU
		{7AAECE5A-7802-4907-AD75-43AC695A762E}.Release|Any CPU.Deploy.0 = Release|Any CPU
		{AA3A3270-5615-4D8F-AEC3-C105C3FF5E88}.Debug|Any CPU.ActiveCfg = Debug|Any CPU
		{AA3A3270-5615-4D8F-AEC3-C105C3FF5E88}.Debug|Any CPU.Build.0 = Debug|Any CPU
		{AA3A3270-5615-4D8F-AEC3-C105C3FF5E88}.Debug|Any CPU.Deploy.0 = Debug|Any CPU
		{AA3A3270-5615-4D8F-AEC3-C105C3FF5E88}.Release|Any CPU.ActiveCfg = Release|Any CPU
		{AA3A3270-5615-4D8F-AEC3-C105C3FF5E88}.Release|Any CPU.Build.0 = Release|Any CPU
		{AA3A3270-5615-4D8F-AEC3-C105C3FF5E88}.Release|Any CPU.Deploy.0 = Release|Any CPU
	EndGlobalSection
	GlobalSection(SolutionProperties) = preSolution
		HideSolutionNode = FALSE
	EndGlobalSection
	GlobalSection(ExtensibilityGlobals) = postSolution
		SolutionGuid = {0E94D4B2-99F4-41FC-ADC7-EB5F9B68E874}
	EndGlobalSection
EndGlobal
