
Microsoft Visual Studio Solution File, Format Version 12.00
# Visual Studio Version 17
VisualStudioVersion = 17.3.32922.545
MinimumVisualStudioVersion = 10.0.40219.1
Project("{FAE04EC0-301F-11D3-BF4B-00C04F79EFBC}") = "Tema1_Ejercicio_2.Android", "Tema1_Ejercicio_2.Android\Tema1_Ejercicio_2.Android.csproj", "{6BAC2969-0570-4E1E-92BA-1CC505C5702C}"
EndProject
Project("{FAE04EC0-301F-11D3-BF4B-00C04F79EFBC}") = "Tema1_Ejercicio_2.iOS", "Tema1_Ejercicio_2.iOS\Tema1_Ejercicio_2.iOS.csproj", "{C2324146-238E-430C-8FE8-39F9239C0561}"
EndProject
Project("{FAE04EC0-301F-11D3-BF4B-00C04F79EFBC}") = "Tema1_Ejercicio_2", "Tema1_Ejercicio_2\Tema1_Ejercicio_2.csproj", "{5AD96D20-2582-4818-8E20-21F2762D7481}"
EndProject
Global
	GlobalSection(SolutionConfigurationPlatforms) = preSolution
		Debug|Any CPU = Debug|Any CPU
		Debug|iPhone = Debug|iPhone
		Debug|iPhoneSimulator = Debug|iPhoneSimulator
		Release|Any CPU = Release|Any CPU
		Release|iPhone = Release|iPhone
		Release|iPhoneSimulator = Release|iPhoneSimulator
	EndGlobalSection
	GlobalSection(ProjectConfigurationPlatforms) = postSolution
		{6BAC2969-0570-4E1E-92BA-1CC505C5702C}.Debug|Any CPU.ActiveCfg = Debug|Any CPU
		{6BAC2969-0570-4E1E-92BA-1CC505C5702C}.Debug|Any CPU.Build.0 = Debug|Any CPU
		{6BAC2969-0570-4E1E-92BA-1CC505C5702C}.Debug|Any CPU.Deploy.0 = Debug|Any CPU
		{6BAC2969-0570-4E1E-92BA-1CC505C5702C}.Debug|iPhone.ActiveCfg = Debug|Any CPU
		{6BAC2969-0570-4E1E-92BA-1CC505C5702C}.Debug|iPhone.Build.0 = Debug|Any CPU
		{6BAC2969-0570-4E1E-92BA-1CC505C5702C}.Debug|iPhone.Deploy.0 = Debug|Any CPU
		{6BAC2969-0570-4E1E-92BA-1CC505C5702C}.Debug|iPhoneSimulator.ActiveCfg = Debug|Any CPU
		{6BAC2969-0570-4E1E-92BA-1CC505C5702C}.Debug|iPhoneSimulator.Build.0 = Debug|Any CPU
		{6BAC2969-0570-4E1E-92BA-1CC505C5702C}.Debug|iPhoneSimulator.Deploy.0 = Debug|Any CPU
		{6BAC2969-0570-4E1E-92BA-1CC505C5702C}.Release|Any CPU.ActiveCfg = Release|Any CPU
		{6BAC2969-0570-4E1E-92BA-1CC505C5702C}.Release|Any CPU.Build.0 = Release|Any CPU
		{6BAC2969-0570-4E1E-92BA-1CC505C5702C}.Release|Any CPU.Deploy.0 = Release|Any CPU
		{6BAC2969-0570-4E1E-92BA-1CC505C5702C}.Release|iPhone.ActiveCfg = Release|Any CPU
		{6BAC2969-0570-4E1E-92BA-1CC505C5702C}.Release|iPhone.Build.0 = Release|Any CPU
		{6BAC2969-0570-4E1E-92BA-1CC505C5702C}.Release|iPhone.Deploy.0 = Release|Any CPU
		{6BAC2969-0570-4E1E-92BA-1CC505C5702C}.Release|iPhoneSimulator.ActiveCfg = Release|Any CPU
		{6BAC2969-0570-4E1E-92BA-1CC505C5702C}.Release|iPhoneSimulator.Build.0 = Release|Any CPU
		{6BAC2969-0570-4E1E-92BA-1CC505C5702C}.Release|iPhoneSimulator.Deploy.0 = Release|Any CPU
		{C2324146-238E-430C-8FE8-39F9239C0561}.Debug|Any CPU.ActiveCfg = Debug|iPhone
		{C2324146-238E-430C-8FE8-39F9239C0561}.Debug|Any CPU.Build.0 = Debug|iPhone
		{C2324146-238E-430C-8FE8-39F9239C0561}.Debug|Any CPU.Deploy.0 = Debug|iPhone
		{C2324146-238E-430C-8FE8-39F9239C0561}.Debug|iPhone.ActiveCfg = Debug|iPhone
		{C2324146-238E-430C-8FE8-39F9239C0561}.Debug|iPhone.Build.0 = Debug|iPhone
		{C2324146-238E-430C-8FE8-39F9239C0561}.Debug|iPhone.Deploy.0 = Debug|iPhone
		{C2324146-238E-430C-8FE8-39F9239C0561}.Debug|iPhoneSimulator.ActiveCfg = Debug|iPhoneSimulator
		{C2324146-238E-430C-8FE8-39F9239C0561}.Debug|iPhoneSimulator.Build.0 = Debug|iPhoneSimulator
		{C2324146-238E-430C-8FE8-39F9239C0561}.Debug|iPhoneSimulator.Deploy.0 = Debug|iPhoneSimulator
		{C2324146-238E-430C-8FE8-39F9239C0561}.Release|Any CPU.ActiveCfg = Release|iPhoneSimulator
		{C2324146-238E-430C-8FE8-39F9239C0561}.Release|Any CPU.Build.0 = Release|iPhoneSimulator
		{C2324146-238E-430C-8FE8-39F9239C0561}.Release|Any CPU.Deploy.0 = Release|iPhoneSimulator
		{C2324146-238E-430C-8FE8-39F9239C0561}.Release|iPhone.ActiveCfg = Release|iPhone
		{C2324146-238E-430C-8FE8-39F9239C0561}.Release|iPhone.Build.0 = Release|iPhone
		{C2324146-238E-430C-8FE8-39F9239C0561}.Release|iPhone.Deploy.0 = Release|iPhone
		{C2324146-238E-430C-8FE8-39F9239C0561}.Release|iPhoneSimulator.ActiveCfg = Release|iPhoneSimulator
		{C2324146-238E-430C-8FE8-39F9239C0561}.Release|iPhoneSimulator.Build.0 = Release|iPhoneSimulator
		{C2324146-238E-430C-8FE8-39F9239C0561}.Release|iPhoneSimulator.Deploy.0 = Release|iPhoneSimulator
		{5AD96D20-2582-4818-8E20-21F2762D7481}.Debug|Any CPU.ActiveCfg = Debug|Any CPU
		{5AD96D20-2582-4818-8E20-21F2762D7481}.Debug|Any CPU.Build.0 = Debug|Any CPU
		{5AD96D20-2582-4818-8E20-21F2762D7481}.Debug|Any CPU.Deploy.0 = Debug|Any CPU
		{5AD96D20-2582-4818-8E20-21F2762D7481}.Debug|iPhone.ActiveCfg = Debug|Any CPU
		{5AD96D20-2582-4818-8E20-21F2762D7481}.Debug|iPhone.Build.0 = Debug|Any CPU
		{5AD96D20-2582-4818-8E20-21F2762D7481}.Debug|iPhone.Deploy.0 = Debug|Any CPU
		{5AD96D20-2582-4818-8E20-21F2762D7481}.Debug|iPhoneSimulator.ActiveCfg = Debug|Any CPU
		{5AD96D20-2582-4818-8E20-21F2762D7481}.Debug|iPhoneSimulator.Build.0 = Debug|Any CPU
		{5AD96D20-2582-4818-8E20-21F2762D7481}.Debug|iPhoneSimulator.Deploy.0 = Debug|Any CPU
		{5AD96D20-2582-4818-8E20-21F2762D7481}.Release|Any CPU.ActiveCfg = Release|Any CPU
		{5AD96D20-2582-4818-8E20-21F2762D7481}.Release|Any CPU.Build.0 = Release|Any CPU
		{5AD96D20-2582-4818-8E20-21F2762D7481}.Release|Any CPU.Deploy.0 = Release|Any CPU
		{5AD96D20-2582-4818-8E20-21F2762D7481}.Release|iPhone.ActiveCfg = Release|Any CPU
		{5AD96D20-2582-4818-8E20-21F2762D7481}.Release|iPhone.Build.0 = Release|Any CPU
		{5AD96D20-2582-4818-8E20-21F2762D7481}.Release|iPhone.Deploy.0 = Release|Any CPU
		{5AD96D20-2582-4818-8E20-21F2762D7481}.Release|iPhoneSimulator.ActiveCfg = Release|Any CPU
		{5AD96D20-2582-4818-8E20-21F2762D7481}.Release|iPhoneSimulator.Build.0 = Release|Any CPU
		{5AD96D20-2582-4818-8E20-21F2762D7481}.Release|iPhoneSimulator.Deploy.0 = Release|Any CPU
	EndGlobalSection
	GlobalSection(SolutionProperties) = preSolution
		HideSolutionNode = FALSE
	EndGlobalSection
	GlobalSection(ExtensibilityGlobals) = postSolution
		SolutionGuid = {D0A22126-CBC8-475F-9550-DCC86F3CD9E9}
	EndGlobalSection
EndGlobal
