
Microsoft Visual Studio Solution File, Format Version 12.00
# Visual Studio Version 17
VisualStudioVersion = 17.3.32922.545
MinimumVisualStudioVersion = 10.0.40219.1
Project("{FAE04EC0-301F-11D3-BF4B-00C04F79EFBC}") = "Tema_1_Ejercicio_1.Android", "Tema_1_Ejercicio_1.Android\Tema_1_Ejercicio_1.Android.csproj", "{AC290DBF-00E6-4DBE-BF3D-254D7352934A}"
EndProject
Project("{FAE04EC0-301F-11D3-BF4B-00C04F79EFBC}") = "Tema_1_Ejercicio_1", "Tema_1_Ejercicio_1\Tema_1_Ejercicio_1.csproj", "{F7FEF5AB-6534-49EA-B4A9-F3F1181F37EC}"
EndProject
Global
	GlobalSection(SolutionConfigurationPlatforms) = preSolution
		Debug|Any CPU = Debug|Any CPU
		Release|Any CPU = Release|Any CPU
	EndGlobalSection
	GlobalSection(ProjectConfigurationPlatforms) = postSolution
		{AC290DBF-00E6-4DBE-BF3D-254D7352934A}.Debug|Any CPU.ActiveCfg = Debug|Any CPU
		{AC290DBF-00E6-4DBE-BF3D-254D7352934A}.Debug|Any CPU.Build.0 = Debug|Any CPU
		{AC290DBF-00E6-4DBE-BF3D-254D7352934A}.Debug|Any CPU.Deploy.0 = Debug|Any CPU
		{AC290DBF-00E6-4DBE-BF3D-254D7352934A}.Release|Any CPU.ActiveCfg = Release|Any CPU
		{AC290DBF-00E6-4DBE-BF3D-254D7352934A}.Release|Any CPU.Build.0 = Release|Any CPU
		{AC290DBF-00E6-4DBE-BF3D-254D7352934A}.Release|Any CPU.Deploy.0 = Release|Any CPU
		{F7FEF5AB-6534-49EA-B4A9-F3F1181F37EC}.Debug|Any CPU.ActiveCfg = Debug|Any CPU
		{F7FEF5AB-6534-49EA-B4A9-F3F1181F37EC}.Debug|Any CPU.Build.0 = Debug|Any CPU
		{F7FEF5AB-6534-49EA-B4A9-F3F1181F37EC}.Debug|Any CPU.Deploy.0 = Debug|Any CPU
		{F7FEF5AB-6534-49EA-B4A9-F3F1181F37EC}.Release|Any CPU.ActiveCfg = Release|Any CPU
		{F7FEF5AB-6534-49EA-B4A9-F3F1181F37EC}.Release|Any CPU.Build.0 = Release|Any CPU
		{F7FEF5AB-6534-49EA-B4A9-F3F1181F37EC}.Release|Any CPU.Deploy.0 = Release|Any CPU
	EndGlobalSection
	GlobalSection(SolutionProperties) = preSolution
		HideSolutionNode = FALSE
	EndGlobalSection
	GlobalSection(ExtensibilityGlobals) = postSolution
		SolutionGuid = {B964A494-B448-4D83-9F1A-466584A04ACE}
	EndGlobalSection
EndGlobal
