
Microsoft Visual Studio Solution File, Format Version 12.00
# Visual Studio Version 17
VisualStudioVersion = 17.3.32922.545
MinimumVisualStudioVersion = 10.0.40219.1
Project("{FAE04EC0-301F-11D3-BF4B-00C04F79EFBC}") = "Tema1_Ejercicio_4.Android", "Tema1_Ejercicio_4.Android\Tema1_Ejercicio_4.Android.csproj", "{7632A9EA-6F91-42B9-B1A2-E470024A28D4}"
EndProject
Project("{FAE04EC0-301F-11D3-BF4B-00C04F79EFBC}") = "Tema1_Ejercicio_4", "Tema1_Ejercicio_4\Tema1_Ejercicio_4.csproj", "{A9685DBA-E800-48A4-A38D-DE5A93388254}"
EndProject
Global
	GlobalSection(SolutionConfigurationPlatforms) = preSolution
		Debug|Any CPU = Debug|Any CPU
		Release|Any CPU = Release|Any CPU
	EndGlobalSection
	GlobalSection(ProjectConfigurationPlatforms) = postSolution
		{7632A9EA-6F91-42B9-B1A2-E470024A28D4}.Debug|Any CPU.ActiveCfg = Debug|Any CPU
		{7632A9EA-6F91-42B9-B1A2-E470024A28D4}.Debug|Any CPU.Build.0 = Debug|Any CPU
		{7632A9EA-6F91-42B9-B1A2-E470024A28D4}.Debug|Any CPU.Deploy.0 = Debug|Any CPU
		{7632A9EA-6F91-42B9-B1A2-E470024A28D4}.Release|Any CPU.ActiveCfg = Release|Any CPU
		{7632A9EA-6F91-42B9-B1A2-E470024A28D4}.Release|Any CPU.Build.0 = Release|Any CPU
		{7632A9EA-6F91-42B9-B1A2-E470024A28D4}.Release|Any CPU.Deploy.0 = Release|Any CPU
		{A9685DBA-E800-48A4-A38D-DE5A93388254}.Debug|Any CPU.ActiveCfg = Debug|Any CPU
		{A9685DBA-E800-48A4-A38D-DE5A93388254}.Debug|Any CPU.Build.0 = Debug|Any CPU
		{A9685DBA-E800-48A4-A38D-DE5A93388254}.Debug|Any CPU.Deploy.0 = Debug|Any CPU
		{A9685DBA-E800-48A4-A38D-DE5A93388254}.Release|Any CPU.ActiveCfg = Release|Any CPU
		{A9685DBA-E800-48A4-A38D-DE5A93388254}.Release|Any CPU.Build.0 = Release|Any CPU
		{A9685DBA-E800-48A4-A38D-DE5A93388254}.Release|Any CPU.Deploy.0 = Release|Any CPU
	EndGlobalSection
	GlobalSection(SolutionProperties) = preSolution
		HideSolutionNode = FALSE
	EndGlobalSection
	GlobalSection(ExtensibilityGlobals) = postSolution
		SolutionGuid = {EC05BB76-E3D8-43D2-B726-F26CA4185184}
	EndGlobalSection
EndGlobal
