
Microsoft Visual Studio Solution File, Format Version 12.00
# Visual Studio Version 17
VisualStudioVersion = 17.4.33103.184
MinimumVisualStudioVersion = 10.0.40219.1
Project("{FAE04EC0-301F-11D3-BF4B-00C04F79EFBC}") = "Ejercicio2Examen.Android", "Ejercicio2Examen.Android\Ejercicio2Examen.Android.csproj", "{3B8A74AE-3176-4A97-BA2A-75BDA799656B}"
EndProject
Project("{FAE04EC0-301F-11D3-BF4B-00C04F79EFBC}") = "Ejercicio2Examen", "Ejercicio2Examen\Ejercicio2Examen.csproj", "{4DD8B418-3742-4B0A-970B-83F0E80D3C50}"
EndProject
Global
	GlobalSection(SolutionConfigurationPlatforms) = preSolution
		Debug|Any CPU = Debug|Any CPU
		Release|Any CPU = Release|Any CPU
	EndGlobalSection
	GlobalSection(ProjectConfigurationPlatforms) = postSolution
		{3B8A74AE-3176-4A97-BA2A-75BDA799656B}.Debug|Any CPU.ActiveCfg = Debug|Any CPU
		{3B8A74AE-3176-4A97-BA2A-75BDA799656B}.Debug|Any CPU.Build.0 = Debug|Any CPU
		{3B8A74AE-3176-4A97-BA2A-75BDA799656B}.Debug|Any CPU.Deploy.0 = Debug|Any CPU
		{3B8A74AE-3176-4A97-BA2A-75BDA799656B}.Release|Any CPU.ActiveCfg = Release|Any CPU
		{3B8A74AE-3176-4A97-BA2A-75BDA799656B}.Release|Any CPU.Build.0 = Release|Any CPU
		{3B8A74AE-3176-4A97-BA2A-75BDA799656B}.Release|Any CPU.Deploy.0 = Release|Any CPU
		{4DD8B418-3742-4B0A-970B-83F0E80D3C50}.Debug|Any CPU.ActiveCfg = Debug|Any CPU
		{4DD8B418-3742-4B0A-970B-83F0E80D3C50}.Debug|Any CPU.Build.0 = Debug|Any CPU
		{4DD8B418-3742-4B0A-970B-83F0E80D3C50}.Debug|Any CPU.Deploy.0 = Debug|Any CPU
		{4DD8B418-3742-4B0A-970B-83F0E80D3C50}.Release|Any CPU.ActiveCfg = Release|Any CPU
		{4DD8B418-3742-4B0A-970B-83F0E80D3C50}.Release|Any CPU.Build.0 = Release|Any CPU
		{4DD8B418-3742-4B0A-970B-83F0E80D3C50}.Release|Any CPU.Deploy.0 = Release|Any CPU
	EndGlobalSection
	GlobalSection(SolutionProperties) = preSolution
		HideSolutionNode = FALSE
	EndGlobalSection
	GlobalSection(ExtensibilityGlobals) = postSolution
		SolutionGuid = {CD6ABD5B-599F-40CE-9499-D40475FC5862}
	EndGlobalSection
EndGlobal
