
Microsoft Visual Studio Solution File, Format Version 12.00
# Visual Studio Version 17
VisualStudioVersion = 17.3.32922.545
MinimumVisualStudioVersion = 10.0.40219.1
Project("{FAE04EC0-301F-11D3-BF4B-00C04F79EFBC}") = "Tema1_Ejercicio18.Android", "Tema1_Ejercicio18.Android\Tema1_Ejercicio18.Android.csproj", "{F3E433F4-B23E-4F32-8B76-232386DED97C}"
EndProject
Project("{FAE04EC0-301F-11D3-BF4B-00C04F79EFBC}") = "Tema1_Ejercicio18", "Tema1_Ejercicio18\Tema1_Ejercicio18.csproj", "{8A14F020-698B-4DD6-914B-9E8A82343D10}"
EndProject
Global
	GlobalSection(SolutionConfigurationPlatforms) = preSolution
		Debug|Any CPU = Debug|Any CPU
		Release|Any CPU = Release|Any CPU
	EndGlobalSection
	GlobalSection(ProjectConfigurationPlatforms) = postSolution
		{F3E433F4-B23E-4F32-8B76-232386DED97C}.Debug|Any CPU.ActiveCfg = Debug|Any CPU
		{F3E433F4-B23E-4F32-8B76-232386DED97C}.Debug|Any CPU.Build.0 = Debug|Any CPU
		{F3E433F4-B23E-4F32-8B76-232386DED97C}.Debug|Any CPU.Deploy.0 = Debug|Any CPU
		{F3E433F4-B23E-4F32-8B76-232386DED97C}.Release|Any CPU.ActiveCfg = Release|Any CPU
		{F3E433F4-B23E-4F32-8B76-232386DED97C}.Release|Any CPU.Build.0 = Release|Any CPU
		{F3E433F4-B23E-4F32-8B76-232386DED97C}.Release|Any CPU.Deploy.0 = Release|Any CPU
		{8A14F020-698B-4DD6-914B-9E8A82343D10}.Debug|Any CPU.ActiveCfg = Debug|Any CPU
		{8A14F020-698B-4DD6-914B-9E8A82343D10}.Debug|Any CPU.Build.0 = Debug|Any CPU
		{8A14F020-698B-4DD6-914B-9E8A82343D10}.Debug|Any CPU.Deploy.0 = Debug|Any CPU
		{8A14F020-698B-4DD6-914B-9E8A82343D10}.Release|Any CPU.ActiveCfg = Release|Any CPU
		{8A14F020-698B-4DD6-914B-9E8A82343D10}.Release|Any CPU.Build.0 = Release|Any CPU
		{8A14F020-698B-4DD6-914B-9E8A82343D10}.Release|Any CPU.Deploy.0 = Release|Any CPU
	EndGlobalSection
	GlobalSection(SolutionProperties) = preSolution
		HideSolutionNode = FALSE
	EndGlobalSection
	GlobalSection(ExtensibilityGlobals) = postSolution
		SolutionGuid = {F889D0D4-8C29-4C70-BCAF-28022B6987C3}
	EndGlobalSection
EndGlobal
