
Microsoft Visual Studio Solution File, Format Version 12.00
# Visual Studio Version 17
VisualStudioVersion = 17.4.33103.184
MinimumVisualStudioVersion = 10.0.40219.1
Project("{FAE04EC0-301F-11D3-BF4B-00C04F79EFBC}") = "Ejercicio3Examen.Android", "Ejercicio3Examen.Android\Ejercicio3Examen.Android.csproj", "{45E5FAC6-BCA4-496B-BC7E-2E8FF9B98272}"
EndProject
Project("{FAE04EC0-301F-11D3-BF4B-00C04F79EFBC}") = "Ejercicio3Examen", "Ejercicio3Examen\Ejercicio3Examen.csproj", "{F1675B14-99AE-4A1B-B645-0A97985AD7D0}"
EndProject
Global
	GlobalSection(SolutionConfigurationPlatforms) = preSolution
		Debug|Any CPU = Debug|Any CPU
		Release|Any CPU = Release|Any CPU
	EndGlobalSection
	GlobalSection(ProjectConfigurationPlatforms) = postSolution
		{45E5FAC6-BCA4-496B-BC7E-2E8FF9B98272}.Debug|Any CPU.ActiveCfg = Debug|Any CPU
		{45E5FAC6-BCA4-496B-BC7E-2E8FF9B98272}.Debug|Any CPU.Build.0 = Debug|Any CPU
		{45E5FAC6-BCA4-496B-BC7E-2E8FF9B98272}.Debug|Any CPU.Deploy.0 = Debug|Any CPU
		{45E5FAC6-BCA4-496B-BC7E-2E8FF9B98272}.Release|Any CPU.ActiveCfg = Release|Any CPU
		{45E5FAC6-BCA4-496B-BC7E-2E8FF9B98272}.Release|Any CPU.Build.0 = Release|Any CPU
		{45E5FAC6-BCA4-496B-BC7E-2E8FF9B98272}.Release|Any CPU.Deploy.0 = Release|Any CPU
		{F1675B14-99AE-4A1B-B645-0A97985AD7D0}.Debug|Any CPU.ActiveCfg = Debug|Any CPU
		{F1675B14-99AE-4A1B-B645-0A97985AD7D0}.Debug|Any CPU.Build.0 = Debug|Any CPU
		{F1675B14-99AE-4A1B-B645-0A97985AD7D0}.Debug|Any CPU.Deploy.0 = Debug|Any CPU
		{F1675B14-99AE-4A1B-B645-0A97985AD7D0}.Release|Any CPU.ActiveCfg = Release|Any CPU
		{F1675B14-99AE-4A1B-B645-0A97985AD7D0}.Release|Any CPU.Build.0 = Release|Any CPU
		{F1675B14-99AE-4A1B-B645-0A97985AD7D0}.Release|Any CPU.Deploy.0 = Release|Any CPU
	EndGlobalSection
	GlobalSection(SolutionProperties) = preSolution
		HideSolutionNode = FALSE
	EndGlobalSection
	GlobalSection(ExtensibilityGlobals) = postSolution
		SolutionGuid = {F45154FD-9B39-42C0-A337-4BEEA28F203B}
	EndGlobalSection
EndGlobal
