
Microsoft Visual Studio Solution File, Format Version 12.00
# Visual Studio Version 17
VisualStudioVersion = 17.3.32922.545
MinimumVisualStudioVersion = 10.0.40219.1
Project("{FAE04EC0-301F-11D3-BF4B-00C04F79EFBC}") = "Tema1_Ejercicio10.Android", "Tema1_Ejercicio10.Android\Tema1_Ejercicio10.Android.csproj", "{990AA0D1-5225-459B-A6F0-603A935B7B72}"
EndProject
Project("{FAE04EC0-301F-11D3-BF4B-00C04F79EFBC}") = "Tema1_Ejercicio10", "Tema1_Ejercicio10\Tema1_Ejercicio10.csproj", "{CC850764-E0D4-49D7-A0A0-9DECAEA7D182}"
EndProject
Global
	GlobalSection(SolutionConfigurationPlatforms) = preSolution
		Debug|Any CPU = Debug|Any CPU
		Release|Any CPU = Release|Any CPU
	EndGlobalSection
	GlobalSection(ProjectConfigurationPlatforms) = postSolution
		{990AA0D1-5225-459B-A6F0-603A935B7B72}.Debug|Any CPU.ActiveCfg = Debug|Any CPU
		{990AA0D1-5225-459B-A6F0-603A935B7B72}.Debug|Any CPU.Build.0 = Debug|Any CPU
		{990AA0D1-5225-459B-A6F0-603A935B7B72}.Debug|Any CPU.Deploy.0 = Debug|Any CPU
		{990AA0D1-5225-459B-A6F0-603A935B7B72}.Release|Any CPU.ActiveCfg = Release|Any CPU
		{990AA0D1-5225-459B-A6F0-603A935B7B72}.Release|Any CPU.Build.0 = Release|Any CPU
		{990AA0D1-5225-459B-A6F0-603A935B7B72}.Release|Any CPU.Deploy.0 = Release|Any CPU
		{CC850764-E0D4-49D7-A0A0-9DECAEA7D182}.Debug|Any CPU.ActiveCfg = Debug|Any CPU
		{CC850764-E0D4-49D7-A0A0-9DECAEA7D182}.Debug|Any CPU.Build.0 = Debug|Any CPU
		{CC850764-E0D4-49D7-A0A0-9DECAEA7D182}.Debug|Any CPU.Deploy.0 = Debug|Any CPU
		{CC850764-E0D4-49D7-A0A0-9DECAEA7D182}.Release|Any CPU.ActiveCfg = Release|Any CPU
		{CC850764-E0D4-49D7-A0A0-9DECAEA7D182}.Release|Any CPU.Build.0 = Release|Any CPU
		{CC850764-E0D4-49D7-A0A0-9DECAEA7D182}.Release|Any CPU.Deploy.0 = Release|Any CPU
	EndGlobalSection
	GlobalSection(SolutionProperties) = preSolution
		HideSolutionNode = FALSE
	EndGlobalSection
	GlobalSection(ExtensibilityGlobals) = postSolution
		SolutionGuid = {9E8CAD8B-8D97-4FC7-8524-6EE80FC9814C}
	EndGlobalSection
EndGlobal
